./.dockerignore	77d4d87e02fd05f03e0969b55b79e921e630268a
./.eslintignore	fb5258f99d1b5b3ef07b7af71ba9f1e924c7ac86
./.eslintrc.js	6e97031e39b803f150d47f01e113210394bc3199
./.gitignore	b39ba393b09e881bea59695d00ea334cafd3e078
./.prettierrc	8564455a40c3209d54923d79c122b09d20795dfd
./.vercelignore	eeb5ce01269dc077ee2d28a1b1f945bb5befa448
./.vscode/convex.code-snippets	2daa8b2e346d34d605c49cdb8c133342c8a93102
./.vscode/settings.json	7f8910a112627a4b07643882b338b08029026373
./ARCHITECTURE.md	4c39ed9e7fef79d3c2435d94f804a0bf09b690ef
./assets/a16z.png	7d9e0729f7b4c1fc97962eba16714b38bf4f2853
./assets/background.webp	e5dd260865c405865973e7e505f9d7247e93ca79
./assets/close.svg	a6dc4de11336353ae35ff5e2594b29203a17c8e6
./assets/convex-bg.webp	4786e121ee548144d8e8163978d6db032054530a
./assets/convex.svg	8c6ad265897692ab388b90f10eeef00032233cce
./assets/help.svg	f76311bd2c2ca3010a8cb0d55546071b22fbcd11
./assets/interact.svg	620b327b34a96fc287a4bdbf2456b458e1e41e2b
./assets/star.svg	5271ce057a0f86a09bcf280974311eef910978fe
./assets/ui/box.svg	ee2258843915d979581b51bc8bcaa214ff4bce5b
./assets/ui/bubble-left.svg	0f8a0c5952699ff99394cbb52256e86ccbca925b
./assets/ui/bubble-right.svg	7bf2456b499ff0b0110adca9c937f0cbc957990b
./assets/ui/button_pressed.svg	c84dd59d0ec27f59ea32903269bb850108e08adf
./assets/ui/button.svg	7e0918675ea672f12f6a55f6675349645a17717f
./assets/ui/chats.svg	a3072c1a4768f3c81d9248917e21f1dfe6ff5da9
./assets/ui/desc.svg	b02d9608f3c23e50675e7756de5fcad0d38c53a8
./assets/ui/frame.svg	1d1ea5c9663e2529734d25b2dd5853a35b21b406
./assets/ui/jewel_box.svg	b855253c0888f0fac7bfb9e9802643103104a272
./assets/volume.svg	d9a69fe15869b1c062ab6607045690787886bbaa
./convex/_generated/api.d.ts	727546e0c47731e7d5a5d6b68a7d7de44d53643d
./convex/_generated/api.js	3f9c482df72abbb66c9ee7b1bb3df81775e381a5
./convex/_generated/dataModel.d.ts	8541f319efa30c64b1245eeb0bd8febd69b6b5fd
./convex/_generated/server.d.ts	7f337a43829b2dc7dccea582deb18c8cead7cdac
./convex/_generated/server.js	566d4858eba52ec36c2442db0107ec586741e6d5
./convex/agent/conversation.ts	7ab0ad1eef1b00797ff1032bc65e70a8efcd8370
./convex/agent/embeddingsCache.ts	9aa1c6b5d40927130674b83d9ee6bbe26c30dd8c
./convex/agent/memory.ts	25994567b544c0a3e957f6ec6dd73979e7d38d69
./convex/agent/schema.ts	480467b6d625acde7b56011e32893fc1645d8a50
./convex/aiTown/agent.ts	ae49157d5b363e6f51dcf884aa01a499037022fd
./convex/aiTown/agentDescription.ts	e53ff9ac69aa818adfcd026fb04e1432e8ebe847
./convex/aiTown/agentInputs.ts	205eb0d00a9d6692ab85995257569e36c9b45db1
./convex/aiTown/agentOperations.ts	a8eb89dc4aecfc6b4b05534d6764dad062289e96
./convex/aiTown/conversation.ts	fc93d5643d0f8cf4c3576c8e2a0d4324fac8a24d
./convex/aiTown/conversationMembership.ts	75d1cdfea234dfdb2801a88bdf661cb8971c34a0
./convex/aiTown/game.ts	016143133c4f538b00578c6c94d3f054e2347cfe
./convex/aiTown/ids.ts	2f20d0758cee8e58d9e673c2cf0081cf8160d196
./convex/aiTown/inputHandler.ts	f1a26d1dc9191ecb4aba25c025905773b7836413
./convex/aiTown/inputs.ts	2e4bf00ed30e80ab024f280fa53f9d0e3aac4741
./convex/aiTown/insertInput.ts	3b4fa76f63120d60c3b29b0413dc87a8ecad8aec
./convex/aiTown/location.ts	9ec86f6f709b48e980481c8671acf3b1f6ce6366
./convex/aiTown/main.ts	5cc477f338e25533a6b4b32decb7e34e39f59c95
./convex/aiTown/movement.ts	f33804ac06b539e205c7b9759410270ca8cd2cba
./convex/aiTown/player.ts	e429f5aede564e6691369fc1c2ac7b9e54303b40
./convex/aiTown/playerDescription.ts	5715acced5ffdb2289498006c105524af8b2c5b2
./convex/aiTown/schema.ts	55f2b6189fb6c7a86902650565811d9e13dafb24
./convex/aiTown/world.ts	cbff87319f062fe90f8be7f9f1612dfea72dca60
./convex/aiTown/worldMap.ts	e6b139d770d453d1c703942fdad494da5b9d2677
./convex/constants.ts	4e84750652a41bc5b8674400d469df9d8ba9cd45
./convex/crons.ts	155238cc5f345b5cdd8db03e8ba292908a6f9452
./convex/engine/abstractGame.ts	0ff3662d30bb0603e602f2d69c58d275f63881db
./convex/engine/historicalObject.test.ts	2384c5d5e14f9c72b070520116ca9e9f50c1f263
./convex/engine/historicalObject.ts	33858c69f0cffd51453d1ee48fc7a82a9c0b093f
./convex/engine/schema.ts	87c4083bb7f23317602bbb712abe41aaee27bdbd
./convex/http.ts	61b3bdee6dcbe1e6606adfbc0515cc80dc9e637f
./convex/init.ts	d8fa0488adc8e45c522e767c2f9cf8e8e8dc8faf
./convex/messages.ts	2a6e9c9fa954c323bdcc84c71c197f27b5b866c7
./convex/music.ts	01220ecb62ad18c2afa1775951a247a421d4e923
./convex/schema.ts	a573b81dc76179e644ed3240957e13c16563e1fb
./convex/testing.ts	106f1868ff46b91d2eee139fcbcc9abc7c37115b
./convex/util/assertNever.ts	090005d08a409908ef671a9dacc3200e8b60f0fc
./convex/util/asyncMap.test.ts	f6ced49fd4650155e13f3ae51172d20ff7ea4599
./convex/util/asyncMap.ts	6970ff71bd9169bb185530a2a4f0198e4dd65a47
./convex/util/compression.test.ts	722c83b6d00fa96cd5efe7dec57a07b79b6605a3
./convex/util/compression.ts	04278e1125228a601e94a4a79afb5f4bc08b4b1e
./convex/util/FastIntegerCompression.ts	d489a7797bf0cbb9910e66548e60ca9a5e5f30f7
./convex/util/geometry.test.ts	5e7e992ba93f7373d42488c387b9d63ab21e7bd6
./convex/util/geometry.ts	de89f2ca7ad8d7b1066a36894126dc62f28bc04e
./convex/util/isSimpleObject.ts	1dd83799b54928466eb7b342e40b96543eac8395
./convex/util/llm.ts	a4285d689d1b481bc62467f973928eacefbf8771
./convex/util/minheap.test.ts	8cbea5e67a7ed34067161377a654d860d3a07182
./convex/util/minheap.ts	64ba5b0b5748c8ae78c53c5b2f9e87aaedb59a40
./convex/util/object.ts	9c3745c88205fd3f79c125eea00296ad911b7ba3
./convex/util/sleep.ts	69dc25d672b5814fc6b893208462b3af99b100f2
./convex/util/types.test.ts	537ec384e2fa24f20194151f9623e3fe6f883b8c
./convex/util/types.ts	c44a8c8271a408181ea19bbe5292516a628e77ad
./convex/util/xxhash.ts	7b9e73e7474b55f99a947395aafa34cdce27c68c
./convex/world.ts	d4644e094fb95b1f422fb4c28edc00a1abd5bd06
./data/animations/campfire.json	f62a05aa0e06a2353244aa017edbd84753e74f08
./data/animations/gentlesparkle.json	3e90f341693bcf572059b2607e3a15a73077fb18
./data/animations/gentlesplash.json	a345e269f535cfaafb0b3ca299405542b049332d
./data/animations/gentlewaterfall.json	8b0efcf37c7cdae0928dc19888db6ccf9bd7f8ff
./data/animations/windmill.json	7d52e99b039ef6b39fe6056b4e74e6f4d3bdd5b7
./data/characters.ts	9a0c085038c046f656e0840cbd5c17e23dbe519a
./data/convertMap.js	cf126fbef6b25723d90b41a4bd48262774661096
./data/gentle.js	98158fee4a999e0e2dc9941dab750d769185f203
./data/spritesheets/f1.ts	988d499400e1414190bbac59182c9451748917fa
./data/spritesheets/f2.ts	39227f7fdb2be408f73f58043baa2d1b37136bf2
./data/spritesheets/f3.ts	41cec657a188a7b835db0b2537e95dfc599b5de4
./data/spritesheets/f4.ts	9ab74ad9b4670ac523cb9c760f6724bf7ae6afc3
./data/spritesheets/f5.ts	5223e438bec242feaff54911057749d2190e1a5a
./data/spritesheets/f6.ts	baf50c346ae1c71a22b147e3e8679c719915906f
./data/spritesheets/f7.ts	52317d83202a58c3e62e88eaf873d346def03f65
./data/spritesheets/f8.ts	4bb6a4837b7d51a80de0ca839d124ea5fea86e5a
./data/spritesheets/p1.ts	8579a8ed722961513579215d1ae41b74fc98b191
./data/spritesheets/p2.ts	b8d29151572a2acc301675ed56f62cdb7fae87d9
./data/spritesheets/p3.ts	ea423ddf733224cde04ffe523cfc23f652d1b476
./data/spritesheets/player.ts	e14de34ad556259ec5e005fa1990fa9df9a701f3
./data/spritesheets/types.ts	e086150e726f3d4309d6bba4a5f867dfc920c29f
./docker-compose.yml	a4cbb642f2d304606433bc08b46ce91976d76f4e
./Dockerfile	09ba4a50b53c39dc9535da3c42b0c08e83fc50a8
./fly/backend/fly.toml	64df4cd7f23a4360d6bc506ab09259ab2e76b115
./fly/dashboard/fly.toml	cba89970129dbe83fbd23d00d3ae71ad708f351c
./fly/README.md	27ba20d2e0f00752df7fce00268b9a443099cae3
./index.html	b91789b776ba77b08910262a6cc81bbd26e82fef
./jest.config.ts	eb35a0befcb8c394eaeed64cefcf69d5fe231b39
./LICENSE	d13217f9a98b3be175854a02b84cfaab2de57511
./package-lock.json	4edd11dd225805e87ae3eec41734ec75e68aeaf0
./package.json	e37b7941eb7d3dd8d79b5cf6ce74522a714ba821
./postcss.config.js	2aa7205d4b402a1bdfbe07110c61df920b370066
./public/assets/32x32folk.png	884a3a1f5b4595d95d0985182bcb1d0cd8019120
./public/assets/background.mp3	32815dde14b5d9300873ad3568eb39b9b9e826cc
./public/assets/fonts/upheaval_pro.ttf	87242236fe9795abe1b023124acc03a342868848
./public/assets/fonts/vcr_osd_mono.ttf	dcca687a434d5c7b6a3027e65e0b7d8728b25c71
./public/assets/gentle-obj.png	8ee1bc5c1b6c04df47c45dc631c6ccf8c3341081
./public/assets/heart-empty.png	226b7d6d563f46f99418ad9991e2c8699def17bf
./public/assets/magecity.png	01010326d296b604e91d30712bad46b48bef84e7
./public/assets/player.png	0c55e62157937df38296d802a357c097ece90855
./public/assets/rpg-tileset.png	43531f96c7bfde5115be60a84c0da42cecf65237
./public/assets/spritesheets/campfire.png	383e2811c5d8b6f226aefbf6ad4552295bfd801f
./public/assets/spritesheets/gentlesparkle32.png	ef7085d8115c9a576236d09fc1d27c1c11d0f972
./public/assets/spritesheets/gentlewaterfall32.png	ff07b1cc05859cbe6e2de1938428ac1e52a3f4fc
./public/assets/spritesheets/windmill.png	ca6f0a8b738033bf3ccee63bd99cbcecbf72584f
./public/assets/tilemap.json	ed7362f241f89713c4cffbdb9c0813faec6cad76
./public/favicon.ico	c711b5378d3ac0472647de0b4d6b5b22579ee548
./README.md	b1d2df38de9800daaa555905bb33b63b78b0ac97
./src/App.tsx	48d36622e3d80d0cd99bb4295e266b7ecf9a4e5d
./src/components/buttons/Button.tsx	1443ed1357d036e07731c8fd502c891239597236
./src/components/buttons/InteractButton.tsx	bab81ba177fe5dcb97eb8a3a8d95ffac5fddd35e
./src/components/buttons/LoginButton.tsx	18260f01e0d8715c7259716fbd31477016f391d2
./src/components/buttons/MusicButton.tsx	427fd843e0876d84402a7d8819ff80b540fac789
./src/components/Character.tsx	d6a5fd27ba04ebcb26824aae36cd36d75fbb1fa3
./src/components/ConvexClientProvider.tsx	4ba83e1f08f8e3cf87c8d8fe9ba37fc25f597490
./src/components/DebugPath.tsx	2502a862d8b9681cf0af50653fdf0a3a6f24e148
./src/components/DebugTimeManager.tsx	1b1f7267d7f65f000f9bd807a9db64923d37afcc
./src/components/FreezeButton.tsx	2c168f927b3d9ea233bf0e3cd525d441e0e321c4
./src/components/Game.tsx	7cbb43da8a1aef6d05d337b8ebf5681e7c8ddfdf
./src/components/MessageInput.tsx	8e611edf00dacae4845efe85a139e369ab14478d
./src/components/Messages.tsx	66995ee3516f466c2767eafc3cc6dcf905bb594f
./src/components/PixiGame.tsx	b129a9f1bef10a737b048ca1efd16fee850d5419
./src/components/PixiStaticMap.tsx	e33a8b47606957d9d8dfccafe949ee768aac9205
./src/components/PixiViewport.tsx	d32715e848d8dc787e55295f885630f505e0b260
./src/components/Player.tsx	08b807e1250c0abca37f66ef63514a75f3513525
./src/components/PlayerDetails.tsx	332b3e52b7dd7560aceb855a92472e4e607e6640
./src/components/PositionIndicator.tsx	5ad7dd01cfa621e126b034323275c4bcdfe7b4ab
./src/components/PoweredByConvex.tsx	9c63179f4ffe1cdbb25c65ebfc6840378bfbd7f7
./src/editor/campfire.json	f62a05aa0e06a2353244aa017edbd84753e74f08
./src/editor/eutils.js	f3e7928833e4e9c31a22076041b0c30ff16f768a
./src/editor/gentlesparkle.json	3e90f341693bcf572059b2607e3a15a73077fb18
./src/editor/gentlesplash.json	a345e269f535cfaafb0b3ca299405542b049332d
./src/editor/gentlewaterfall.json	8b0efcf37c7cdae0928dc19888db6ccf9bd7f8ff
./src/editor/index.html	1d54313f50da5f33f16b9ec0a7164371d01481d8
./src/editor/le.html	504703f8133c7d38460232ba8a40fbf145a63ef3
./src/editor/le.js	7154cdf3061a0febd766c6f24b499a170ddd0e96
./src/editor/leconfig.js	47e644bce2b38d0821303e22b18c067bbf5ad602
./src/editor/lecontext.js	11d06d245acda7388391cd92e4883bde36fccb96
./src/editor/lehtmlui.js	3be5a632214a6b3893829767da1636d08b3688a0
./src/editor/mapfile.js	f856aafd9b5f27235cb8959a18d246289c592a26
./src/editor/maps/gentle-full.js	494d1a6d534a4c41a27f6411b11d35f6b68474d8
./src/editor/maps/gentle.js	5d987b4aa99778c9734b9e23cc1684488eb8c82a
./src/editor/maps/gentleanim.js	739d5224b3d0e65b59c2128d2aa169c54de2f103
./src/editor/maps/mage3.js	deb6dee592ca78d84eaa0a399e09a1e1d58ce4f9
./src/editor/maps/serene.js	f119f17a996afb25519ac5831f08aedbcbb51da0
./src/editor/README.md	7114a7d075af1673f1f5d571e3efdc497fa9b38c
./src/editor/se.html	dca031986e59ad7157cac390e70fbe6be55292c0
./src/editor/se.js	cd91537e885c67945c796543b5e58a63e1573125
./src/editor/seconfig.js	bf54824a6aec6be76e17cac3bf286c4eb6c69115
./src/editor/secontext.js	8356fe5b75df98ec0870c7e6d23d1fe0bc8a08f0
./src/editor/sehtmlui.js	96330a72ff705759f005acb3ca058450a43ec2f2
./src/editor/spritefile.js	a1785dbcc05a6b54d3c33ae02c0dbe270b0c82bd
./src/editor/spritesheets/campfire.png	383e2811c5d8b6f226aefbf6ad4552295bfd801f
./src/editor/spritesheets/doll.png	6c7b96eb62703f7a6004aaf3b3aaa24612d983ab
./src/editor/spritesheets/gentlesparkle32.png	ef7085d8115c9a576236d09fc1d27c1c11d0f972
./src/editor/spritesheets/gentlewaterfall32.png	ff07b1cc05859cbe6e2de1938428ac1e52a3f4fc
./src/editor/spritesheets/peeps.png	6a5f0a35fa41133a9099092ab6f61ce75b100b28
./src/editor/spritesheets/tall.png	6d7a66ed6eb77cbfee392b68d141f589a2317160
./src/editor/spritesheets/windmill.png	ca6f0a8b738033bf3ccee63bd99cbcecbf72584f
./src/editor/spritesheets/women.png	dceb5e05c522b112421f65629cf3862ed85747f9
./src/editor/tilesets/forest.png	2eb8b93c5630f046125bed912058025ed468b8c8
./src/editor/tilesets/gentle-obj.png	8ee1bc5c1b6c04df47c45dc631c6ccf8c3341081
./src/editor/tilesets/gentle.png	022c84e183e9ff73763a76979e84e00a0a101d1f
./src/editor/tilesets/magecity.png	01010326d296b604e91d30712bad46b48bef84e7
./src/editor/tilesets/Modern.png	aef6cb45b162a9803a26b8f530b6fffbafe413e3
./src/editor/tilesets/phantasy2.png	300dbbe7f4f0c38676241dd82dd82fc5962598f9
./src/editor/tilesets/Serene.png	8b3ce7a85b470c021090c85be548d98249d144ac
./src/editor/undo.js	35a82c4af617e665acb68a7accea53267fb5cbc7
./src/editor/windmill.json	8ed04702d619691f53aa4244d27f7f06744787d2
./src/hooks/sendInput.ts	66072616d6a12825736c6ddcc4cad001415d4e98
./src/hooks/serverGame.ts	6c4c3430b97e7aa072f6e2ce1c317da939bf1c00
./src/hooks/useHistoricalTime.ts	50bb150860bcea41c7f11e7dcdfdf4602bdf6223
./src/hooks/useHistoricalValue.ts	f6b202263d7026d7f23d3ea95cbb40313104cfc0
./src/hooks/useWorldHeartbeat.ts	f9f4ad8431d8914838a6882b3a386dbfc23b4ac5
./src/index.css	dbed329431277a83dab295383b34751dd4d580f9
./src/main.tsx	00015077ac1a0ffd90ef63a14f7ac19499224f20
./src/toasts.ts	9862d39455c660d6ae42c8ef3ff36779cc9e323b
./src/vite-env.d.ts	11f02fe2a0061d6e6e1f271b21da95423b448b32
./tailwind.config.js	1c61773020c0747b243ce586d1efa1ed6ddf1c10
./tsconfig.json	8596383e6020c68ebc4ebf4df289b8214fdecea8
./vercel.json	63e0b5bbb8e524f7a81d2b21ef6632968b9a741c
./vite.config.ts	04b9320345cc8d2fd7e0dacb284a3beb6ca0b04a
